
Microsoft Visual Studio Solution File, Format Version 12.00
# Visual Studio 15
VisualStudioVersion = 15.0.28307.421
MinimumVisualStudioVersion = 10.0.40219.1
Project("{FAE04EC0-301F-11D3-BF4B-00C04F79EFBC}") = "AppProf", "AppProf\AppProf.csproj", "{3BC84982-698F-48E0-9C5D-91C481C40604}"
EndProject
Project("{FAE04EC0-301F-11D3-BF4B-00C04F79EFBC}") = "GestionNotes", "..\ScolarGestionLibrary\GestionNotes\GestionNotes.csproj", "{8299ADFF-B6A8-4D34-B359-26F13B3EDA08}"
EndProject
Project("{FAE04EC0-301F-11D3-BF4B-00C04F79EFBC}") = "AppAdmin", "..\AppAdmin\AppAdmin\AppAdmin.csproj", "{66D86B2C-457F-44FF-A776-A57984592BB2}"
EndProject
Global
	GlobalSection(SolutionConfigurationPlatforms) = preSolution
		Debug|Any CPU = Debug|Any CPU
		Debug|x86 = Debug|x86
		Release|Any CPU = Release|Any CPU
		Release|x86 = Release|x86
	EndGlobalSection
	GlobalSection(ProjectConfigurationPlatforms) = postSolution
		{3BC84982-698F-48E0-9C5D-91C481C40604}.Debug|Any CPU.ActiveCfg = Debug|Any CPU
		{3BC84982-698F-48E0-9C5D-91C481C40604}.Debug|Any CPU.Build.0 = Debug|Any CPU
		{3BC84982-698F-48E0-9C5D-91C481C40604}.Debug|x86.ActiveCfg = Debug|Any CPU
		{3BC84982-698F-48E0-9C5D-91C481C40604}.Debug|x86.Build.0 = Debug|Any CPU
		{3BC84982-698F-48E0-9C5D-91C481C40604}.Release|Any CPU.ActiveCfg = Release|Any CPU
		{3BC84982-698F-48E0-9C5D-91C481C40604}.Release|Any CPU.Build.0 = Release|Any CPU
		{3BC84982-698F-48E0-9C5D-91C481C40604}.Release|x86.ActiveCfg = Release|Any CPU
		{3BC84982-698F-48E0-9C5D-91C481C40604}.Release|x86.Build.0 = Release|Any CPU
		{8299ADFF-B6A8-4D34-B359-26F13B3EDA08}.Debug|Any CPU.ActiveCfg = Debug|x86
		{8299ADFF-B6A8-4D34-B359-26F13B3EDA08}.Debug|x86.ActiveCfg = Debug|x86
		{8299ADFF-B6A8-4D34-B359-26F13B3EDA08}.Debug|x86.Build.0 = Debug|x86
		{8299ADFF-B6A8-4D34-B359-26F13B3EDA08}.Release|Any CPU.ActiveCfg = Release|x86
		{8299ADFF-B6A8-4D34-B359-26F13B3EDA08}.Release|x86.ActiveCfg = Release|x86
		{8299ADFF-B6A8-4D34-B359-26F13B3EDA08}.Release|x86.Build.0 = Release|x86
		{66D86B2C-457F-44FF-A776-A57984592BB2}.Debug|Any CPU.ActiveCfg = Debug|Any CPU
		{66D86B2C-457F-44FF-A776-A57984592BB2}.Debug|Any CPU.Build.0 = Debug|Any CPU
		{66D86B2C-457F-44FF-A776-A57984592BB2}.Debug|x86.ActiveCfg = Debug|Any CPU
		{66D86B2C-457F-44FF-A776-A57984592BB2}.Debug|x86.Build.0 = Debug|Any CPU
		{66D86B2C-457F-44FF-A776-A57984592BB2}.Release|Any CPU.ActiveCfg = Release|Any CPU
		{66D86B2C-457F-44FF-A776-A57984592BB2}.Release|Any CPU.Build.0 = Release|Any CPU
		{66D86B2C-457F-44FF-A776-A57984592BB2}.Release|x86.ActiveCfg = Release|Any CPU
		{66D86B2C-457F-44FF-A776-A57984592BB2}.Release|x86.Build.0 = Release|Any CPU
	EndGlobalSection
	GlobalSection(SolutionProperties) = preSolution
		HideSolutionNode = FALSE
	EndGlobalSection
	GlobalSection(ExtensibilityGlobals) = postSolution
		SolutionGuid = {91777CEE-9ECE-4749-A9BA-CE2C53B34EDE}
	EndGlobalSection
EndGlobal
